
Microsoft Visual Studio Solution File, Format Version 12.00
# Visual Studio 15
VisualStudioVersion = 15.0.27703.2035
MinimumVisualStudioVersion = 10.0.40219.1
Project("{FAE04EC0-301F-11D3-BF4B-00C04F79EFBC}") = "BudgetApp", "BudgetApp\BudgetApp.csproj", "{07BF38CD-5921-4A94-91E8-C0E4A11642B2}"
EndProject
Global
	GlobalSection(SolutionConfigurationPlatforms) = preSolution
		Debug|Any CPU = Debug|Any CPU
		Release|Any CPU = Release|Any CPU
	EndGlobalSection
	GlobalSection(ProjectConfigurationPlatforms) = postSolution
		{07BF38CD-5921-4A94-91E8-C0E4A11642B2}.Debug|Any CPU.ActiveCfg = Debug|Any CPU
		{07BF38CD-5921-4A94-91E8-C0E4A11642B2}.Debug|Any CPU.Build.0 = Debug|Any CPU
		{07BF38CD-5921-4A94-91E8-C0E4A11642B2}.Release|Any CPU.ActiveCfg = Release|Any CPU
		{07BF38CD-5921-4A94-91E8-C0E4A11642B2}.Release|Any CPU.Build.0 = Release|Any CPU
	EndGlobalSection
	GlobalSection(SolutionProperties) = preSolution
		HideSolutionNode = FALSE
	EndGlobalSection
	GlobalSection(ExtensibilityGlobals) = postSolution
		SolutionGuid = {0057C107-712E-4D16-97D9-762D3665CC1E}
	EndGlobalSection
EndGlobal
